
Microsoft Visual Studio Solution File, Format Version 12.00
# Visual Studio Version 17
VisualStudioVersion = 17.3.32901.215
MinimumVisualStudioVersion = 10.0.40219.1
Project("{9A19103F-16F7-4668-BE54-9A1E7A4F7556}") = "CliFramework", "..\Surf\CliFramework\CliFramework.csproj", "{CA993828-3B57-402B-80ED-4226990FAA74}"
EndProject
Project("{9A19103F-16F7-4668-BE54-9A1E7A4F7556}") = "futils", "FileUtilitiesCore\futils.csproj", "{38F674AA-4151-4BEF-8730-2430F0F2AA0C}"
EndProject
Global
	GlobalSection(SolutionConfigurationPlatforms) = preSolution
		Debug|Any CPU = Debug|Any CPU
		Release|Any CPU = Release|Any CPU
	EndGlobalSection
	GlobalSection(ProjectConfigurationPlatforms) = postSolution
		{CA993828-3B57-402B-80ED-4226990FAA74}.Debug|Any CPU.ActiveCfg = Debug|Any CPU
		{CA993828-3B57-402B-80ED-4226990FAA74}.Debug|Any CPU.Build.0 = Debug|Any CPU
		{CA993828-3B57-402B-80ED-4226990FAA74}.Release|Any CPU.ActiveCfg = Release|Any CPU
		{CA993828-3B57-402B-80ED-4226990FAA74}.Release|Any CPU.Build.0 = Release|Any CPU
		{38F674AA-4151-4BEF-8730-2430F0F2AA0C}.Debug|Any CPU.ActiveCfg = Debug|Any CPU
		{38F674AA-4151-4BEF-8730-2430F0F2AA0C}.Debug|Any CPU.Build.0 = Debug|Any CPU
		{38F674AA-4151-4BEF-8730-2430F0F2AA0C}.Release|Any CPU.ActiveCfg = Release|Any CPU
		{38F674AA-4151-4BEF-8730-2430F0F2AA0C}.Release|Any CPU.Build.0 = Release|Any CPU
	EndGlobalSection
	GlobalSection(SolutionProperties) = preSolution
		HideSolutionNode = FALSE
	EndGlobalSection
	GlobalSection(ExtensibilityGlobals) = postSolution
		SolutionGuid = {D51822DA-5065-4FA9-A72A-4B29D27CFD43}
	EndGlobalSection
EndGlobal
